// !$*UTF8*$!
{
	archiveVersion = 1;
	classes = {
	};
	objectVersion = 56;
	objects = {

/* Begin PBXBuildFile section */
		ECE992BD29DB4445005991D1 /* AppDelegate.swift in Sources */ = {isa = PBXBuildFile; fileRef = ECE992BC29DB4445005991D1 /* AppDelegate.swift */; };
		ECE992BF29DB4445005991D1 /* SceneDelegate.swift in Sources */ = {isa = PBXBuildFile; fileRef = ECE992BE29DB4445005991D1 /* SceneDelegate.swift */; };
		ECE992C129DB4445005991D1 /* ViewController.swift in Sources */ = {isa = PBXBuildFile; fileRef = ECE992C029DB4445005991D1 /* ViewController.swift */; };
		ECE992C429DB4445005991D1 /* Main.storyboard in Resources */ = {isa = PBXBuildFile; fileRef = ECE992C229DB4445005991D1 /* Main.storyboard */; };
		ECE992C629DB4446005991D1 /* Assets.xcassets in Resources */ = {isa = PBXBuildFile; fileRef = ECE992C529DB4446005991D1 /* Assets.xcassets */; };
		ECE992C929DB4446005991D1 /* LaunchScreen.storyboard in Resources */ = {isa = PBXBuildFile; fileRef = ECE992C729DB4446005991D1 /* LaunchScreen.storyboard */; };
		ECE992D429DB4446005991D1 /* XylophoneTests.swift in Sources */ = {isa = PBXBuildFile; fileRef = ECE992D329DB4446005991D1 /* XylophoneTests.swift */; };
		ECE992DE29DB4446005991D1 /* XylophoneUITests.swift in Sources */ = {isa = PBXBuildFile; fileRef = ECE992DD29DB4446005991D1 /* XylophoneUITests.swift */; };
		ECE992E029DB4446005991D1 /* XylophoneUITestsLaunchTests.swift in Sources */ = {isa = PBXBuildFile; fileRef = ECE992DF29DB4446005991D1 /* XylophoneUITestsLaunchTests.swift */; };
		ECFCEA4A29DB4F9A00BAF6FD /* A.wav in Resources */ = {isa = PBXBuildFile; fileRef = ECFCEA4329DB4F9A00BAF6FD /* A.wav */; };
		ECFCEA4B29DB4F9A00BAF6FD /* C.wav in Resources */ = {isa = PBXBuildFile; fileRef = ECFCEA4429DB4F9A00BAF6FD /* C.wav */; };
		ECFCEA4C29DB4F9A00BAF6FD /* B.wav in Resources */ = {isa = PBXBuildFile; fileRef = ECFCEA4529DB4F9A00BAF6FD /* B.wav */; };
		ECFCEA4D29DB4F9A00BAF6FD /* F.wav in Resources */ = {isa = PBXBuildFile; fileRef = ECFCEA4629DB4F9A00BAF6FD /* F.wav */; };
		ECFCEA4E29DB4F9A00BAF6FD /* G.wav in Resources */ = {isa = PBXBuildFile; fileRef = ECFCEA4729DB4F9A00BAF6FD /* G.wav */; };
		ECFCEA4F29DB4F9A00BAF6FD /* E.wav in Resources */ = {isa = PBXBuildFile; fileRef = ECFCEA4829DB4F9A00BAF6FD /* E.wav */; };
		ECFCEA5029DB4F9A00BAF6FD /* D.wav in Resources */ = {isa = PBXBuildFile; fileRef = ECFCEA4929DB4F9A00BAF6FD /* D.wav */; };
/* End PBXBuildFile section */

/* Begin PBXContainerItemProxy section */
		ECE992D029DB4446005991D1 /* PBXContainerItemProxy */ = {
			isa = PBXContainerItemProxy;
			containerPortal = ECE992B129DB4445005991D1 /* Project object */;
			proxyType = 1;
			remoteGlobalIDString = ECE992B829DB4445005991D1;
			remoteInfo = Xylophone;
		};
		ECE992DA29DB4446005991D1 /* PBXContainerItemProxy */ = {
			isa = PBXContainerItemProxy;
			containerPortal = ECE992B129DB4445005991D1 /* Project object */;
			proxyType = 1;
			remoteGlobalIDString = ECE992B829DB4445005991D1;
			remoteInfo = Xylophone;
		};
/* End PBXContainerItemProxy section */

/* Begin PBXFileReference section */
		ECE992B929DB4445005991D1 /* Xylophone.app */ = {isa = PBXFileReference; explicitFileType = wrapper.application; includeInIndex = 0; path = Xylophone.app; sourceTree = BUILT_PRODUCTS_DIR; };
		ECE992BC29DB4445005991D1 /* AppDelegate.swift */ = {isa = PBXFileReference; lastKnownFileType = sourcecode.swift; path = AppDelegate.swift; sourceTree = "<group>"; };
		ECE992BE29DB4445005991D1 /* SceneDelegate.swift */ = {isa = PBXFileReference; lastKnownFileType = sourcecode.swift; path = SceneDelegate.swift; sourceTree = "<group>"; };
		ECE992C029DB4445005991D1 /* ViewController.swift */ = {isa = PBXFileReference; lastKnownFileType = sourcecode.swift; path = ViewController.swift; sourceTree = "<group>"; };
		ECE992C329DB4445005991D1 /* Base */ = {isa = PBXFileReference; lastKnownFileType = file.storyboard; name = Base; path = Base.lproj/Main.storyboard; sourceTree = "<group>"; };
		ECE992C529DB4446005991D1 /* Assets.xcassets */ = {isa = PBXFileReference; lastKnownFileType = folder.assetcatalog; path = Assets.xcassets; sourceTree = "<group>"; };
		ECE992C829DB4446005991D1 /* Base */ = {isa = PBXFileReference; lastKnownFileType = file.storyboard; name = Base; path = Base.lproj/LaunchScreen.storyboard; sourceTree = "<group>"; };
		ECE992CA29DB4446005991D1 /* Info.plist */ = {isa = PBXFileReference; lastKnownFileType = text.plist.xml; path = Info.plist; sourceTree = "<group>"; };
		ECE992CF29DB4446005991D1 /* XylophoneTests.xctest */ = {isa = PBXFileReference; explicitFileType = wrapper.cfbundle; includeInIndex = 0; path = XylophoneTests.xctest; sourceTree = BUILT_PRODUCTS_DIR; };
		ECE992D329DB4446005991D1 /* XylophoneTests.swift */ = {isa = PBXFileReference; lastKnownFileType = sourcecode.swift; path = XylophoneTests.swift; sourceTree = "<group>"; };
		ECE992D929DB4446005991D1 /* XylophoneUITests.xctest */ = {isa = PBXFileReference; explicitFileType = wrapper.cfbundle; includeInIndex = 0; path = XylophoneUITests.xctest; sourceTree = BUILT_PRODUCTS_DIR; };
		ECE992DD29DB4446005991D1 /* XylophoneUITests.swift */ = {isa = PBXFileReference; lastKnownFileType = sourcecode.swift; path = XylophoneUITests.swift; sourceTree = "<group>"; };
		ECE992DF29DB4446005991D1 /* XylophoneUITestsLaunchTests.swift */ = {isa = PBXFileReference; lastKnownFileType = sourcecode.swift; path = XylophoneUITestsLaunchTests.swift; sourceTree = "<group>"; };
		ECFCEA4329DB4F9A00BAF6FD /* A.wav */ = {isa = PBXFileReference; lastKnownFileType = audio.wav; path = A.wav; sourceTree = "<group>"; };
		ECFCEA4429DB4F9A00BAF6FD /* C.wav */ = {isa = PBXFileReference; lastKnownFileType = audio.wav; path = C.wav; sourceTree = "<group>"; };
		ECFCEA4529DB4F9A00BAF6FD /* B.wav */ = {isa = PBXFileReference; lastKnownFileType = audio.wav; path = B.wav; sourceTree = "<group>"; };
		ECFCEA4629DB4F9A00BAF6FD /* F.wav */ = {isa = PBXFileReference; lastKnownFileType = audio.wav; path = F.wav; sourceTree = "<group>"; };
		ECFCEA4729DB4F9A00BAF6FD /* G.wav */ = {isa = PBXFileReference; lastKnownFileType = audio.wav; path = G.wav; sourceTree = "<group>"; };
		ECFCEA4829DB4F9A00BAF6FD /* E.wav */ = {isa = PBXFileReference; lastKnownFileType = audio.wav; path = E.wav; sourceTree = "<group>"; };
		ECFCEA4929DB4F9A00BAF6FD /* D.wav */ = {isa = PBXFileReference; lastKnownFileType = audio.wav; path = D.wav; sourceTree = "<group>"; };
/* End PBXFileReference section */

/* Begin PBXFrameworksBuildPhase section */
		ECE992B629DB4445005991D1 /* Frameworks */ = {
			isa = PBXFrameworksBuildPhase;
			buildActionMask = 2147483647;
			files = (
			);
			runOnlyForDeploymentPostprocessing = 0;
		};
		ECE992CC29DB4446005991D1 /* Frameworks */ = {
			isa = PBXFrameworksBuildPhase;
			buildActionMask = 2147483647;
			files = (
			);
			runOnlyForDeploymentPostprocessing = 0;
		};
		ECE992D629DB4446005991D1 /* Frameworks */ = {
			isa = PBXFrameworksBuildPhase;
			buildActionMask = 2147483647;
			files = (
			);
			runOnlyForDeploymentPostprocessing = 0;
		};
/* End PBXFrameworksBuildPhase section */

/* Begin PBXGroup section */
		ECE992B029DB4445005991D1 = {
			isa = PBXGroup;
			children = (
				ECE992BB29DB4445005991D1 /* Xylophone */,
				ECE992D229DB4446005991D1 /* XylophoneTests */,
				ECE992DC29DB4446005991D1 /* XylophoneUITests */,
				ECE992BA29DB4445005991D1 /* Products */,
			);
			sourceTree = "<group>";
		};
		ECE992BA29DB4445005991D1 /* Products */ = {
			isa = PBXGroup;
			children = (
				ECE992B929DB4445005991D1 /* Xylophone.app */,
				ECE992CF29DB4446005991D1 /* XylophoneTests.xctest */,
				ECE992D929DB4446005991D1 /* XylophoneUITests.xctest */,
			);
			name = Products;
			sourceTree = "<group>";
		};
		ECE992BB29DB4445005991D1 /* Xylophone */ = {
			isa = PBXGroup;
			children = (
				ECE992BC29DB4445005991D1 /* AppDelegate.swift */,
				ECE992BE29DB4445005991D1 /* SceneDelegate.swift */,
				ECE992C029DB4445005991D1 /* ViewController.swift */,
				ECE992C229DB4445005991D1 /* Main.storyboard */,
				ECE992C529DB4446005991D1 /* Assets.xcassets */,
				ECE992C729DB4446005991D1 /* LaunchScreen.storyboard */,
				ECE992CA29DB4446005991D1 /* Info.plist */,
			);
			path = Xylophone;
			sourceTree = "<group>";
		};
		ECE992D229DB4446005991D1 /* XylophoneTests */ = {
			isa = PBXGroup;
			children = (
				ECE992D329DB4446005991D1 /* XylophoneTests.swift */,
			);
			path = XylophoneTests;
			sourceTree = "<group>";
		};
		ECE992DC29DB4446005991D1 /* XylophoneUITests */ = {
			isa = PBXGroup;
			children = (
				ECE992DD29DB4446005991D1 /* XylophoneUITests.swift */,
				ECE992DF29DB4446005991D1 /* XylophoneUITestsLaunchTests.swift */,
				ECFCEA4229DB4F9A00BAF6FD /* Sounds */,
			);
			path = XylophoneUITests;
			sourceTree = "<group>";
		};
		ECFCEA4229DB4F9A00BAF6FD /* Sounds */ = {
			isa = PBXGroup;
			children = (
				ECFCEA4329DB4F9A00BAF6FD /* A.wav */,
				ECFCEA4429DB4F9A00BAF6FD /* C.wav */,
				ECFCEA4529DB4F9A00BAF6FD /* B.wav */,
				ECFCEA4629DB4F9A00BAF6FD /* F.wav */,
				ECFCEA4729DB4F9A00BAF6FD /* G.wav */,
				ECFCEA4829DB4F9A00BAF6FD /* E.wav */,
				ECFCEA4929DB4F9A00BAF6FD /* D.wav */,
			);
			path = Sounds;
			sourceTree = "<group>";
		};
/* End PBXGroup section */

/* Begin PBXNativeTarget section */
		ECE992B829DB4445005991D1 /* Xylophone */ = {
			isa = PBXNativeTarget;
			buildConfigurationList = ECE992E329DB4446005991D1 /* Build configuration list for PBXNativeTarget "Xylophone" */;
			buildPhases = (
				ECE992B529DB4445005991D1 /* Sources */,
				ECE992B629DB4445005991D1 /* Frameworks */,
				ECE992B729DB4445005991D1 /* Resources */,
			);
			buildRules = (
			);
			dependencies = (
			);
			name = Xylophone;
			productName = Xylophone;
			productReference = ECE992B929DB4445005991D1 /* Xylophone.app */;
			productType = "com.apple.product-type.application";
		};
		ECE992CE29DB4446005991D1 /* XylophoneTests */ = {
			isa = PBXNativeTarget;
			buildConfigurationList = ECE992E629DB4446005991D1 /* Build configuration list for PBXNativeTarget "XylophoneTests" */;
			buildPhases = (
				ECE992CB29DB4446005991D1 /* Sources */,
				ECE992CC29DB4446005991D1 /* Frameworks */,
				ECE992CD29DB4446005991D1 /* Resources */,
			);
			buildRules = (
			);
			dependencies = (
				ECE992D129DB4446005991D1 /* PBXTargetDependency */,
			);
			name = XylophoneTests;
			productName = XylophoneTests;
			productReference = ECE992CF29DB4446005991D1 /* XylophoneTests.xctest */;
			productType = "com.apple.product-type.bundle.unit-test";
		};
		ECE992D829DB4446005991D1 /* XylophoneUITests */ = {
			isa = PBXNativeTarget;
			buildConfigurationList = ECE992E929DB4446005991D1 /* Build configuration list for PBXNativeTarget "XylophoneUITests" */;
			buildPhases = (
				ECE992D529DB4446005991D1 /* Sources */,
				ECE992D629DB4446005991D1 /* Frameworks */,
				ECE992D729DB4446005991D1 /* Resources */,
			);
			buildRules = (
			);
			dependencies = (
				ECE992DB29DB4446005991D1 /* PBXTargetDependency */,
			);
			name = XylophoneUITests;
			productName = XylophoneUITests;
			productReference = ECE992D929DB4446005991D1 /* XylophoneUITests.xctest */;
			productType = "com.apple.product-type.bundle.ui-testing";
		};
/* End PBXNativeTarget section */

/* Begin PBXProject section */
		ECE992B129DB4445005991D1 /* Project object */ = {
			isa = PBXProject;
			attributes = {
				BuildIndependentTargetsInParallel = 1;
				LastSwiftUpdateCheck = 1430;
				LastUpgradeCheck = 1430;
				TargetAttributes = {
					ECE992B829DB4445005991D1 = {
						CreatedOnToolsVersion = 14.3;
					};
					ECE992CE29DB4446005991D1 = {
						CreatedOnToolsVersion = 14.3;
						TestTargetID = ECE992B829DB4445005991D1;
					};
					ECE992D829DB4446005991D1 = {
						CreatedOnToolsVersion = 14.3;
						TestTargetID = ECE992B829DB4445005991D1;
					};
				};
			};
			buildConfigurationList = ECE992B429DB4445005991D1 /* Build configuration list for PBXProject "Xylophone" */;
			compatibilityVersion = "Xcode 14.0";
			developmentRegion = en;
			hasScannedForEncodings = 0;
			knownRegions = (
				en,
				Base,
			);
			mainGroup = ECE992B029DB4445005991D1;
			productRefGroup = ECE992BA29DB4445005991D1 /* Products */;
			projectDirPath = "";
			projectRoot = "";
			targets = (
				ECE992B829DB4445005991D1 /* Xylophone */,
				ECE992CE29DB4446005991D1 /* XylophoneTests */,
				ECE992D829DB4446005991D1 /* XylophoneUITests */,
			);
		};
/* End PBXProject section */

/* Begin PBXResourcesBuildPhase section */
		ECE992B729DB4445005991D1 /* Resources */ = {
			isa = PBXResourcesBuildPhase;
			buildActionMask = 2147483647;
			files = (
				ECFCEA4E29DB4F9A00BAF6FD /* G.wav in Resources */,
				ECE992C929DB4446005991D1 /* LaunchScreen.storyboard in Resources */,
				ECFCEA4D29DB4F9A00BAF6FD /* F.wav in Resources */,
				ECE992C629DB4446005991D1 /* Assets.xcassets in Resources */,
				ECFCEA4A29DB4F9A00BAF6FD /* A.wav in Resources */,
				ECFCEA4C29DB4F9A00BAF6FD /* B.wav in Resources */,
				ECFCEA4F29DB4F9A00BAF6FD /* E.wav in Resources */,
				ECFCEA5029DB4F9A00BAF6FD /* D.wav in Resources */,
				ECE992C429DB4445005991D1 /* Main.storyboard in Resources */,
				ECFCEA4B29DB4F9A00BAF6FD /* C.wav in Resources */,
			);
			runOnlyForDeploymentPostprocessing = 0;
		};
		ECE992CD29DB4446005991D1 /* Resources */ = {
			isa = PBXResourcesBuildPhase;
			buildActionMask = 2147483647;
			files = (
			);
			runOnlyForDeploymentPostprocessing = 0;
		};
		ECE992D729DB4446005991D1 /* Resources */ = {
			isa = PBXResourcesBuildPhase;
			buildActionMask = 2147483647;
			files = (
			);
			runOnlyForDeploymentPostprocessing = 0;
		};
/* End PBXResourcesBuildPhase section */

/* Begin PBXSourcesBuildPhase section */
		ECE992B529DB4445005991D1 /* Sources */ = {
			isa = PBXSourcesBuildPhase;
			buildActionMask = 2147483647;
			files = (
				ECE992C129DB4445005991D1 /* ViewController.swift in Sources */,
				ECE992BD29DB4445005991D1 /* AppDelegate.swift in Sources */,
				ECE992BF29DB4445005991D1 /* SceneDelegate.swift in Sources */,
			);
			runOnlyForDeploymentPostprocessing = 0;
		};
		ECE992CB29DB4446005991D1 /* Sources */ = {
			isa = PBXSourcesBuildPhase;
			buildActionMask = 2147483647;
			files = (
				ECE992D429DB4446005991D1 /* XylophoneTests.swift in Sources */,
			);
			runOnlyForDeploymentPostprocessing = 0;
		};
		ECE992D529DB4446005991D1 /* Sources */ = {
			isa = PBXSourcesBuildPhase;
			buildActionMask = 2147483647;
			files = (
				ECE992DE29DB4446005991D1 /* XylophoneUITests.swift in Sources */,
				ECE992E029DB4446005991D1 /* XylophoneUITestsLaunchTests.swift in Sources */,
			);
			runOnlyForDeploymentPostprocessing = 0;
		};
/* End PBXSourcesBuildPhase section */

/* Begin PBXTargetDependency section */
		ECE992D129DB4446005991D1 /* PBXTargetDependency */ = {
			isa = PBXTargetDependency;
			target = ECE992B829DB4445005991D1 /* Xylophone */;
			targetProxy = ECE992D029DB4446005991D1 /* PBXContainerItemProxy */;
		};
		ECE992DB29DB4446005991D1 /* PBXTargetDependency */ = {
			isa = PBXTargetDependency;
			target = ECE992B829DB4445005991D1 /* Xylophone */;
			targetProxy = ECE992DA29DB4446005991D1 /* PBXContainerItemProxy */;
		};
/* End PBXTargetDependency section */

/* Begin PBXVariantGroup section */
		ECE992C229DB4445005991D1 /* Main.storyboard */ = {
			isa = PBXVariantGroup;
			children = (
				ECE992C329DB4445005991D1 /* Base */,
			);
			name = Main.storyboard;
			sourceTree = "<group>";
		};
		ECE992C729DB4446005991D1 /* LaunchScreen.storyboard */ = {
			isa = PBXVariantGroup;
			children = (
				ECE992C829DB4446005991D1 /* Base */,
			);
			name = LaunchScreen.storyboard;
			sourceTree = "<group>";
		};
/* End PBXVariantGroup section */

/* Begin XCBuildConfiguration section */
		ECE992E129DB4446005991D1 /* Debug */ = {
			isa = XCBuildConfiguration;
			buildSettings = {
				ALWAYS_SEARCH_USER_PATHS = NO;
				CLANG_ANALYZER_NONNULL = YES;
				CLANG_ANALYZER_NUMBER_OBJECT_CONVERSION = YES_AGGRESSIVE;
				CLANG_CXX_LANGUAGE_STANDARD = "gnu++20";
				CLANG_ENABLE_MODULES = YES;
				CLANG_ENABLE_OBJC_ARC = YES;
				CLANG_ENABLE_OBJC_WEAK = YES;
				CLANG_WARN_BLOCK_CAPTURE_AUTORELEASING = YES;
				CLANG_WARN_BOOL_CONVERSION = YES;
				CLANG_WARN_COMMA = YES;
				CLANG_WARN_CONSTANT_CONVERSION = YES;
				CLANG_WARN_DEPRECATED_OBJC_IMPLEMENTATIONS = YES;
				CLANG_WARN_DIRECT_OBJC_ISA_USAGE = YES_ERROR;
				CLANG_WARN_DOCUMENTATION_COMMENTS = YES;
				CLANG_WARN_EMPTY_BODY = YES;
				CLANG_WARN_ENUM_CONVERSION = YES;
				CLANG_WARN_INFINITE_RECURSION = YES;
				CLANG_WARN_INT_CONVERSION = YES;
				CLANG_WARN_NON_LITERAL_NULL_CONVERSION = YES;
				CLANG_WARN_OBJC_IMPLICIT_RETAIN_SELF = YES;
				CLANG_WARN_OBJC_LITERAL_CONVERSION = YES;
				CLANG_WARN_OBJC_ROOT_CLASS = YES_ERROR;
				CLANG_WARN_QUOTED_INCLUDE_IN_FRAMEWORK_HEADER = YES;
				CLANG_WARN_RANGE_LOOP_ANALYSIS = YES;
				CLANG_WARN_STRICT_PROTOTYPES = YES;
				CLANG_WARN_SUSPICIOUS_MOVE = YES;
				CLANG_WARN_UNGUARDED_AVAILABILITY = YES_AGGRESSIVE;
				CLANG_WARN_UNREACHABLE_CODE = YES;
				CLANG_WARN__DUPLICATE_METHOD_MATCH = YES;
				COPY_PHASE_STRIP = NO;
				DEBUG_INFORMATION_FORMAT = dwarf;
				ENABLE_STRICT_OBJC_MSGSEND = YES;
				ENABLE_TESTABILITY = YES;
				GCC_C_LANGUAGE_STANDARD = gnu11;
				GCC_DYNAMIC_NO_PIC = NO;
				GCC_NO_COMMON_BLOCKS = YES;
				GCC_OPTIMIZATION_LEVEL = 0;
				GCC_PREPROCESSOR_DEFINITIONS = (
					"DEBUG=1",
					"$(inherited)",
				);
				GCC_WARN_64_TO_32_BIT_CONVERSION = YES;
				GCC_WARN_ABOUT_RETURN_TYPE = YES_ERROR;
				GCC_WARN_UNDECLARED_SELECTOR = YES;
				GCC_WARN_UNINITIALIZED_AUTOS = YES_AGGRESSIVE;
				GCC_WARN_UNUSED_FUNCTION = YES;
				GCC_WARN_UNUSED_VARIABLE = YES;
				IPHONEOS_DEPLOYMENT_TARGET = 16.4;
				MTL_ENABLE_DEBUG_INFO = INCLUDE_SOURCE;
				MTL_FAST_MATH = YES;
				ONLY_ACTIVE_ARCH = YES;
				SDKROOT = iphoneos;
				SWIFT_ACTIVE_COMPILATION_CONDITIONS = DEBUG;
				SWIFT_OPTIMIZATION_LEVEL = "-Onone";
			};
			name = Debug;
		};
		ECE992E229DB4446005991D1 /* Release */ = {
			isa = XCBuildConfiguration;
			buildSettings = {
				ALWAYS_SEARCH_USER_PATHS = NO;
				CLANG_ANALYZER_NONNULL = YES;
				CLANG_ANALYZER_NUMBER_OBJECT_CONVERSION = YES_AGGRESSIVE;
				CLANG_CXX_LANGUAGE_STANDARD = "gnu++20";
				CLANG_ENABLE_MODULES = YES;
				CLANG_ENABLE_OBJC_ARC = YES;
				CLANG_ENABLE_OBJC_WEAK = YES;
				CLANG_WARN_BLOCK_CAPTURE_AUTORELEASING = YES;
				CLANG_WARN_BOOL_CONVERSION = YES;
				CLANG_WARN_COMMA = YES;
				CLANG_WARN_CONSTANT_CONVERSION = YES;
				CLANG_WARN_DEPRECATED_OBJC_IMPLEMENTATIONS = YES;
				CLANG_WARN_DIRECT_OBJC_ISA_USAGE = YES_ERROR;
				CLANG_WARN_DOCUMENTATION_COMMENTS = YES;
				CLANG_WARN_EMPTY_BODY = YES;
				CLANG_WARN_ENUM_CONVERSION = YES;
				CLANG_WARN_INFINITE_RECURSION = YES;
				CLANG_WARN_INT_CONVERSION = YES;
				CLANG_WARN_NON_LITERAL_NULL_CONVERSION = YES;
				CLANG_WARN_OBJC_IMPLICIT_RETAIN_SELF = YES;
				CLANG_WARN_OBJC_LITERAL_CONVERSION = YES;
				CLANG_WARN_OBJC_ROOT_CLASS = YES_ERROR;
				CLANG_WARN_QUOTED_INCLUDE_IN_FRAMEWORK_HEADER = YES;
				CLANG_WARN_RANGE_LOOP_ANALYSIS = YES;
				CLANG_WARN_STRICT_PROTOTYPES = YES;
				CLANG_WARN_SUSPICIOUS_MOVE = YES;
				CLANG_WARN_UNGUARDED_AVAILABILITY = YES_AGGRESSIVE;
				CLANG_WARN_UNREACHABLE_CODE = YES;
				CLANG_WARN__DUPLICATE_METHOD_MATCH = YES;
				COPY_PHASE_STRIP = NO;
				DEBUG_INFORMATION_FORMAT = "dwarf-with-dsym";
				ENABLE_NS_ASSERTIONS = NO;
				ENABLE_STRICT_OBJC_MSGSEND = YES;
				GCC_C_LANGUAGE_STANDARD = gnu11;
				GCC_NO_COMMON_BLOCKS = YES;
				GCC_WARN_64_TO_32_BIT_CONVERSION = YES;
				GCC_WARN_ABOUT_RETURN_TYPE = YES_ERROR;
				GCC_WARN_UNDECLARED_SELECTOR = YES;
				GCC_WARN_UNINITIALIZED_AUTOS = YES_AGGRESSIVE;
				GCC_WARN_UNUSED_FUNCTION = YES;
				GCC_WARN_UNUSED_VARIABLE = YES;
				IPHONEOS_DEPLOYMENT_TARGET = 16.4;
				MTL_ENABLE_DEBUG_INFO = NO;
				MTL_FAST_MATH = YES;
				SDKROOT = iphoneos;
				SWIFT_COMPILATION_MODE = wholemodule;
				SWIFT_OPTIMIZATION_LEVEL = "-O";
				VALIDATE_PRODUCT = YES;
			};
			name = Release;
		};
		ECE992E429DB4446005991D1 /* Debug */ = {
			isa = XCBuildConfiguration;
			buildSettings = {
				ASSETCATALOG_COMPILER_APPICON_NAME = AppIcon;
				ASSETCATALOG_COMPILER_GLOBAL_ACCENT_COLOR_NAME = AccentColor;
				CODE_SIGN_STYLE = Automatic;
				CURRENT_PROJECT_VERSION = 1;
				DEVELOPMENT_TEAM = 374DGY6WA4;
				GENERATE_INFOPLIST_FILE = YES;
				INFOPLIST_FILE = Xylophone/Info.plist;
				INFOPLIST_KEY_UIApplicationSupportsIndirectInputEvents = YES;
				INFOPLIST_KEY_UILaunchStoryboardName = LaunchScreen;
				INFOPLIST_KEY_UIMainStoryboardFile = Main;
				INFOPLIST_KEY_UISupportedInterfaceOrientations_iPad = "UIInterfaceOrientationPortrait UIInterfaceOrientationPortraitUpsideDown UIInterfaceOrientationLandscapeLeft UIInterfaceOrientationLandscapeRight";
				INFOPLIST_KEY_UISupportedInterfaceOrientations_iPhone = "UIInterfaceOrientationPortrait UIInterfaceOrientationLandscapeLeft UIInterfaceOrientationLandscapeRight";
				LD_RUNPATH_SEARCH_PATHS = (
					"$(inherited)",
					"@executable_path/Frameworks",
				);
				MARKETING_VERSION = 1.0;
				PRODUCT_BUNDLE_IDENTIFIER = com.edwarddev;
				PRODUCT_NAME = "$(TARGET_NAME)";
				SWIFT_EMIT_LOC_STRINGS = YES;
				SWIFT_VERSION = 5.0;
				TARGETED_DEVICE_FAMILY = "1,2";
			};
			name = Debug;
		};
		ECE992E529DB4446005991D1 /* Release */ = {
			isa = XCBuildConfiguration;
			buildSettings = {
				ASSETCATALOG_COMPILER_APPICON_NAME = AppIcon;
				ASSETCATALOG_COMPILER_GLOBAL_ACCENT_COLOR_NAME = AccentColor;
				CODE_SIGN_STYLE = Automatic;
				CURRENT_PROJECT_VERSION = 1;
				DEVELOPMENT_TEAM = 374DGY6WA4;
				GENERATE_INFOPLIST_FILE = YES;
				INFOPLIST_FILE = Xylophone/Info.plist;
				INFOPLIST_KEY_UIApplicationSupportsIndirectInputEvents = YES;
				INFOPLIST_KEY_UILaunchStoryboardName = LaunchScreen;
				INFOPLIST_KEY_UIMainStoryboardFile = Main;
				INFOPLIST_KEY_UISupportedInterfaceOrientations_iPad = "UIInterfaceOrientationPortrait UIInterfaceOrientationPortraitUpsideDown UIInterfaceOrientationLandscapeLeft UIInterfaceOrientationLandscapeRight";
				INFOPLIST_KEY_UISupportedInterfaceOrientations_iPhone = "UIInterfaceOrientationPortrait UIInterfaceOrientationLandscapeLeft UIInterfaceOrientationLandscapeRight";
				LD_RUNPATH_SEARCH_PATHS = (
					"$(inherited)",
					"@executable_path/Frameworks",
				);
				MARKETING_VERSION = 1.0;
				PRODUCT_BUNDLE_IDENTIFIER = com.edwarddev;
				PRODUCT_NAME = "$(TARGET_NAME)";
				SWIFT_EMIT_LOC_STRINGS = YES;
				SWIFT_VERSION = 5.0;
				TARGETED_DEVICE_FAMILY = "1,2";
			};
			name = Release;
		};
		ECE992E729DB4446005991D1 /* Debug */ = {
			isa = XCBuildConfiguration;
			buildSettings = {
				ALWAYS_EMBED_SWIFT_STANDARD_LIBRARIES = YES;
				BUNDLE_LOADER = "$(TEST_HOST)";
				CODE_SIGN_STYLE = Automatic;
				CURRENT_PROJECT_VERSION = 1;
				DEVELOPMENT_TEAM = 374DGY6WA4;
				GENERATE_INFOPLIST_FILE = YES;
				IPHONEOS_DEPLOYMENT_TARGET = 16.4;
				MARKETING_VERSION = 1.0;
				PRODUCT_BUNDLE_IDENTIFIER = edwarddev.XylophoneTests;
				PRODUCT_NAME = "$(TARGET_NAME)";
				SWIFT_EMIT_LOC_STRINGS = NO;
				SWIFT_VERSION = 5.0;
				TARGETED_DEVICE_FAMILY = "1,2";
				TEST_HOST = "$(BUILT_PRODUCTS_DIR)/Xylophone.app/$(BUNDLE_EXECUTABLE_FOLDER_PATH)/Xylophone";
			};
			name = Debug;
		};
		ECE992E829DB4446005991D1 /* Release */ = {
			isa = XCBuildConfiguration;
			buildSettings = {
				ALWAYS_EMBED_SWIFT_STANDARD_LIBRARIES = YES;
				BUNDLE_LOADER = "$(TEST_HOST)";
				CODE_SIGN_STYLE = Automatic;
				CURRENT_PROJECT_VERSION = 1;
				DEVELOPMENT_TEAM = 374DGY6WA4;
				GENERATE_INFOPLIST_FILE = YES;
				IPHONEOS_DEPLOYMENT_TARGET = 16.4;
				MARKETING_VERSION = 1.0;
				PRODUCT_BUNDLE_IDENTIFIER = edwarddev.XylophoneTests;
				PRODUCT_NAME = "$(TARGET_NAME)";
				SWIFT_EMIT_LOC_STRINGS = NO;
				SWIFT_VERSION = 5.0;
				TARGETED_DEVICE_FAMILY = "1,2";
				TEST_HOST = "$(BUILT_PRODUCTS_DIR)/Xylophone.app/$(BUNDLE_EXECUTABLE_FOLDER_PATH)/Xylophone";
			};
			name = Release;
		};
		ECE992EA29DB4446005991D1 /* Debug */ = {
			isa = XCBuildConfiguration;
			buildSettings = {
				ALWAYS_EMBED_SWIFT_STANDARD_LIBRARIES = YES;
				CODE_SIGN_STYLE = Automatic;
				CURRENT_PROJECT_VERSION = 1;
				DEVELOPMENT_TEAM = 374DGY6WA4;
				GENERATE_INFOPLIST_FILE = YES;
				MARKETING_VERSION = 1.0;
				PRODUCT_BUNDLE_IDENTIFIER = edwarddev.XylophoneUITests;
				PRODUCT_NAME = "$(TARGET_NAME)";
				SWIFT_EMIT_LOC_STRINGS = NO;
				SWIFT_VERSION = 5.0;
				TARGETED_DEVICE_FAMILY = "1,2";
				TEST_TARGET_NAME = Xylophone;
			};
			name = Debug;
		};
		ECE992EB29DB4446005991D1 /* Release */ = {
			isa = XCBuildConfiguration;
			buildSettings = {
				ALWAYS_EMBED_SWIFT_STANDARD_LIBRARIES = YES;
				CODE_SIGN_STYLE = Automatic;
				CURRENT_PROJECT_VERSION = 1;
				DEVELOPMENT_TEAM = 374DGY6WA4;
				GENERATE_INFOPLIST_FILE = YES;
				MARKETING_VERSION = 1.0;
				PRODUCT_BUNDLE_IDENTIFIER = edwarddev.XylophoneUITests;
				PRODUCT_NAME = "$(TARGET_NAME)";
				SWIFT_EMIT_LOC_STRINGS = NO;
				SWIFT_VERSION = 5.0;
				TARGETED_DEVICE_FAMILY = "1,2";
				TEST_TARGET_NAME = Xylophone;
			};
			name = Release;
		};
/* End XCBuildConfiguration section */

/* Begin XCConfigurationList section */
		ECE992B429DB4445005991D1 /* Build configuration list for PBXProject "Xylophone" */ = {
			isa = XCConfigurationList;
			buildConfigurations = (
				ECE992E129DB4446005991D1 /* Debug */,
				ECE992E229DB4446005991D1 /* Release */,
			);
			defaultConfigurationIsVisible = 0;
			defaultConfigurationName = Release;
		};
		ECE992E329DB4446005991D1 /* Build configuration list for PBXNativeTarget "Xylophone" */ = {
			isa = XCConfigurationList;
			buildConfigurations = (
				ECE992E429DB4446005991D1 /* Debug */,
				ECE992E529DB4446005991D1 /* Release */,
			);
			defaultConfigurationIsVisible = 0;
			defaultConfigurationName = Release;
		};
		ECE992E629DB4446005991D1 /* Build configuration list for PBXNativeTarget "XylophoneTests" */ = {
			isa = XCConfigurationList;
			buildConfigurations = (
				ECE992E729DB4446005991D1 /* Debug */,
				ECE992E829DB4446005991D1 /* Release */,
			);
			defaultConfigurationIsVisible = 0;
			defaultConfigurationName = Release;
		};
		ECE992E929DB4446005991D1 /* Build configuration list for PBXNativeTarget "XylophoneUITests" */ = {
			isa = XCConfigurationList;
			buildConfigurations = (
				ECE992EA29DB4446005991D1 /* Debug */,
				ECE992EB29DB4446005991D1 /* Release */,
			);
			defaultConfigurationIsVisible = 0;
			defaultConfigurationName = Release;
		};
/* End XCConfigurationList section */
	};
	rootObject = ECE992B129DB4445005991D1 /* Project object */;
}
